PODS:
  - SVProgressHUD (2.2.5)
  - SwiftyJSON (5.0.0)

DEPENDENCIES:
  - SVProgressHUD
  - SwiftyJSON

SPEC REPOS:
  trunk:
    - SVProgressHUD
    - SwiftyJSON

SPEC CHECKSUMS:
  SVProgressHUD: 1428aafac632c1f86f62aa4243ec12008d7a51d6
  SwiftyJSON: 36413e04c44ee145039d332b4f4e2d3e8d6c4db7

PODFILE CHECKSUM: 792a0b3b4c617ea92d8fcfa5baec4c1b5d738808

COCOAPODS: 1.8.3
